{
  "name": "jpa-specification-body-maker",
  "version": "1.0.2",
  "lockfileVersion": 2,
  "requires": true,
  "packages": {
    "": {
      "name": "jpa-specification-body-maker",
      "version": "1.0.2",
      "license": "ISC",
      "dependencies": {
        "jpa-specification-body-maker": "^1.0.2"
      },
      "devDependencies": {
        "typescript": "^4.8.2"
      }
    },
    "node_modules/jpa-specification-body-maker": {
      "version": "1.0.2",
      "resolved": "https://registry.npmjs.org/jpa-specification-body-maker/-/jpa-specification-body-maker-1.0.2.tgz",
      "integrity": "sha512-ueSPfUxwS3qAbgDc8R2pgxnLaRz5J1OyPpP9R3ITOMMjLIC9/UXf0szZos0uwCBi+JlRqZskvoFd9Xz4jqRtcg=="
    },
    "node_modules/typescript": {
      "version": "4.8.2",
      "resolved": "https://registry.npmjs.org/typescript/-/typescript-4.8.2.tgz",
      "integrity": "sha512-C0I1UsrrDHo2fYI5oaCGbSejwX4ch+9Y5jTQELvovfmFkK3HHSZJB8MSJcWLmCUBzQBchCrZ9rMRV6GuNrvGtw==",
      "dev": true,
      "bin": {
        "tsc": "bin/tsc",
        "tsserver": "bin/tsserver"
      },
      "engines": {
        "node": ">=4.2.0"
      }
    }
  },
  "dependencies": {
    "jpa-specification-body-maker": {
      "version": "1.0.2",
      "resolved": "https://registry.npmjs.org/jpa-specification-body-maker/-/jpa-specification-body-maker-1.0.2.tgz",
      "integrity": "sha512-ueSPfUxwS3qAbgDc8R2pgxnLaRz5J1OyPpP9R3ITOMMjLIC9/UXf0szZos0uwCBi+JlRqZskvoFd9Xz4jqRtcg=="
    },
    "typescript": {
      "version": "4.8.2",
      "resolved": "https://registry.npmjs.org/typescript/-/typescript-4.8.2.tgz",
      "integrity": "sha512-C0I1UsrrDHo2fYI5oaCGbSejwX4ch+9Y5jTQELvovfmFkK3HHSZJB8MSJcWLmCUBzQBchCrZ9rMRV6GuNrvGtw==",
      "dev": true
    }
  }
}
